
Microsoft Visual Studio Solution File, Format Version 12.00
# Visual Studio Version 17
VisualStudioVersion = 17.0.31912.275
MinimumVisualStudioVersion = 10.0.40219.1
Project("{FAE04EC0-301F-11D3-BF4B-00C04F79EFBC}") = "DelegateDemo", "DelegateDemo\DelegateDemo.csproj", "{5A516153-71CB-44DA-8C68-756B0C343A16}"
EndProject
Global
	GlobalSection(SolutionConfigurationPlatforms) = preSolution
		Debug|Any CPU = Debug|Any CPU
		Release|Any CPU = Release|Any CPU
	EndGlobalSection
	GlobalSection(ProjectConfigurationPlatforms) = postSolution
		{5A516153-71CB-44DA-8C68-756B0C343A16}.Debug|Any CPU.ActiveCfg = Debug|Any CPU
		{5A516153-71CB-44DA-8C68-756B0C343A16}.Debug|Any CPU.Build.0 = Debug|Any CPU
		{5A516153-71CB-44DA-8C68-756B0C343A16}.Release|Any CPU.ActiveCfg = Release|Any CPU
		{5A516153-71CB-44DA-8C68-756B0C343A16}.Release|Any CPU.Build.0 = Release|Any CPU
	EndGlobalSection
	GlobalSection(SolutionProperties) = preSolution
		HideSolutionNode = FALSE
	EndGlobalSection
	GlobalSection(ExtensibilityGlobals) = postSolution
		SolutionGuid = {DF301A64-14C7-43D4-B8B0-B27734FAE99C}
	EndGlobalSection
EndGlobal
